// !$*UTF8*$!
{
	archiveVersion = 1;
	classes = {
	};
	objectVersion = 46;
	objects = {

/* Begin PBXBuildFile section */
		A850BAAF1C44E1BE00D897BC /* AppDelegate.swift in Sources */ = {isa = PBXBuildFile; fileRef = A850BAAE1C44E1BE00D897BC /* AppDelegate.swift */; };
		A850BAB11C44E1BE00D897BC /* ViewController.swift in Sources */ = {isa = PBXBuildFile; fileRef = A850BAB01C44E1BE00D897BC /* ViewController.swift */; };
		A850BAB41C44E1BE00D897BC /* Main.storyboard in Resources */ = {isa = PBXBuildFile; fileRef = A850BAB21C44E1BE00D897BC /* Main.storyboard */; };
		A850BAB61C44E1BE00D897BC /* Assets.xcassets in Resources */ = {isa = PBXBuildFile; fileRef = A850BAB51C44E1BE00D897BC /* Assets.xcassets */; };
		A850BAB91C44E1BE00D897BC /* LaunchScreen.storyboard in Resources */ = {isa = PBXBuildFile; fileRef = A850BAB71C44E1BE00D897BC /* LaunchScreen.storyboard */; };
/* End PBXBuildFile section */

/* Begin PBXFileReference section */
		A850BAAB1C44E1BE00D897BC /* ImageFilters.app */ = {isa = PBXFileReference; explicitFileType = wrapper.application; includeInIndex = 0; path = ImageFilters.app; sourceTree = BUILT_PRODUCTS_DIR; };
		A850BAAE1C44E1BE00D897BC /* AppDelegate.swift */ = {isa = PBXFileReference; lastKnownFileType = sourcecode.swift; path = AppDelegate.swift; sourceTree = "<group>"; };
		A850BAB01C44E1BE00D897BC /* ViewController.swift */ = {isa = PBXFileReference; lastKnownFileType = sourcecode.swift; path = ViewController.swift; sourceTree = "<group>"; };
		A850BAB31C44E1BE00D897BC /* Base */ = {isa = PBXFileReference; lastKnownFileType = file.storyboard; name = Base; path = Base.lproj/Main.storyboard; sourceTree = "<group>"; };
		A850BAB51C44E1BE00D897BC /* Assets.xcassets */ = {isa = PBXFileReference; lastKnownFileType = folder.assetcatalog; path = Assets.xcassets; sourceTree = "<group>"; };
		A850BAB81C44E1BE00D897BC /* Base */ = {isa = PBXFileReference; lastKnownFileType = file.storyboard; name = Base; path = Base.lproj/LaunchScreen.storyboard; sourceTree = "<group>"; };
		A850BABA1C44E1BE00D897BC /* Info.plist */ = {isa = PBXFileReference; lastKnownFileType = text.plist.xml; path = Info.plist; sourceTree = "<group>"; };
/* End PBXFileReference section */

/* Begin PBXFrameworksBuildPhase section */
		A850BAA81C44E1BE00D897BC /* Frameworks */ = {
			isa = PBXFrameworksBuildPhase;
			buildActionMask = 2147483647;
			files = (
			);
			runOnlyForDeploymentPostprocessing = 0;
		};
/* End PBXFrameworksBuildPhase section */

/* Begin PBXGroup section */
		A850BAA21C44E1BD00D897BC = {
			isa = PBXGroup;
			children = (
				A850BAAD1C44E1BE00D897BC /* ImageFilters */,
				A850BAAC1C44E1BE00D897BC /* Products */,
			);
			sourceTree = "<group>";
		};
		A850BAAC1C44E1BE00D897BC /* Products */ = {
			isa = PBXGroup;
			children = (
				A850BAAB1C44E1BE00D897BC /* ImageFilters.app */,
			);
			name = Products;
			sourceTree = "<group>";
		};
		A850BAAD1C44E1BE00D897BC /* ImageFilters */ = {
			isa = PBXGroup;
			children = (
				A850BAAE1C44E1BE00D897BC /* AppDelegate.swift */,
				A850BAB01C44E1BE00D897BC /* ViewController.swift */,
				A850BAB21C44E1BE00D897BC /* Main.storyboard */,
				A850BAB51C44E1BE00D897BC /* Assets.xcassets */,
				A850BAB71C44E1BE00D897BC /* LaunchScreen.storyboard */,
				A850BABA1C44E1BE00D897BC /* Info.plist */,
			);
			path = ImageFilters;
			sourceTree = "<group>";
		};
/* End PBXGroup section */

/* Begin PBXNativeTarget section */
		A850BAAA1C44E1BE00D897BC /* ImageFilters */ = {
			isa = PBXNativeTarget;
			buildConfigurationList = A850BABD1C44E1BE00D897BC /* Build configuration list for PBXNativeTarget "ImageFilters" */;
			buildPhases = (
				A850BAA71C44E1BE00D897BC /* Sources */,
				A850BAA81C44E1BE00D897BC /* Frameworks */,
				A850BAA91C44E1BE00D897BC /* Resources */,
			);
			buildRules = (
			);
			dependencies = (
			);
			name = ImageFilters;
			productName = ImageFilters;
			productReference = A850BAAB1C44E1BE00D897BC /* ImageFilters.app */;
			productType = "com.apple.product-type.application";
		};
/* End PBXNativeTarget section */

/* Begin PBXProject section */
		A850BAA31C44E1BD00D897BC /* Project object */ = {
			isa = PBXProject;
			attributes = {
				LastSwiftUpdateCheck = 0720;
				LastUpgradeCheck = 0720;
				ORGANIZATIONNAME = Bitjini;
				TargetAttributes = {
					A850BAAA1C44E1BE00D897BC = {
						CreatedOnToolsVersion = 7.2;
					};
				};
			};
			buildConfigurationList = A850BAA61C44E1BD00D897BC /* Build configuration list for PBXProject "ImageFilters" */;
			compatibilityVersion = "Xcode 3.2";
			developmentRegion = English;
			hasScannedForEncodings = 0;
			knownRegions = (
				en,
				Base,
			);
			mainGroup = A850BAA21C44E1BD00D897BC;
			productRefGroup = A850BAAC1C44E1BE00D897BC /* Products */;
			projectDirPath = "";
			projectRoot = "";
			targets = (
				A850BAAA1C44E1BE00D897BC /* ImageFilters */,
			);
		};
/* End PBXProject section */

/* Begin PBXResourcesBuildPhase section */
		A850BAA91C44E1BE00D897BC /* Resources */ = {
			isa = PBXResourcesBuildPhase;
			buildActionMask = 2147483647;
			files = (
				A850BAB91C44E1BE00D897BC /* LaunchScreen.storyboard in Resources */,
				A850BAB61C44E1BE00D897BC /* Assets.xcassets in Resources */,
				A850BAB41C44E1BE00D897BC /* Main.storyboard in Resources */,
			);
			runOnlyForDeploymentPostprocessing = 0;
		};
/* End PBXResourcesBuildPhase section */

/* Begin PBXSourcesBuildPhase section */
		A850BAA71C44E1BE00D897BC /* Sources */ = {
			isa = PBXSourcesBuildPhase;
			buildActionMask = 2147483647;
			files = (
				A850BAB11C44E1BE00D897BC /* ViewController.swift in Sources */,
				A850BAAF1C44E1BE00D897BC /* AppDelegate.swift in Sources */,
			);
			runOnlyForDeploymentPostprocessing = 0;
		};
/* End PBXSourcesBuildPhase section */

/* Begin PBXVariantGroup section */
		A850BAB21C44E1BE00D897BC /* Main.storyboard */ = {
			isa = PBXVariantGroup;
			children = (
				A850BAB31C44E1BE00D897BC /* Base */,
			);
			name = Main.storyboard;
			sourceTree = "<group>";
		};
		A850BAB71C44E1BE00D897BC /* LaunchScreen.storyboard */ = {
			isa = PBXVariantGroup;
			children = (
				A850BAB81C44E1BE00D897BC /* Base */,
			);
			name = LaunchScreen.storyboard;
			sourceTree = "<group>";
		};
/* End PBXVariantGroup section */

/* Begin XCBuildConfiguration section */
		A850BABB1C44E1BE00D897BC /* Debug */ = {
			isa = XCBuildConfiguration;
			buildSettings = {
				ALWAYS_SEARCH_USER_PATHS = NO;
				CLANG_CXX_LANGUAGE_STANDARD = "gnu++0x";
				CLANG_CXX_LIBRARY = "libc++";
				CLANG_ENABLE_MODULES = YES;
				CLANG_ENABLE_OBJC_ARC = YES;
				CLANG_WARN_BOOL_CONVERSION = YES;
				CLANG_WARN_CONSTANT_CONVERSION = YES;
				CLANG_WARN_DIRECT_OBJC_ISA_USAGE = YES_ERROR;
				CLANG_WARN_EMPTY_BODY = YES;
				CLANG_WARN_ENUM_CONVERSION = YES;
				CLANG_WARN_INT_CONVERSION = YES;
				CLANG_WARN_OBJC_ROOT_CLASS = YES_ERROR;
				CLANG_WARN_UNREACHABLE_CODE = YES;
				CLANG_WARN__DUPLICATE_METHOD_MATCH = YES;
				"CODE_SIGN_IDENTITY[sdk=iphoneos*]" = "iPhone Developer";
				COPY_PHASE_STRIP = NO;
				DEBUG_INFORMATION_FORMAT = dwarf;
				ENABLE_STRICT_OBJC_MSGSEND = YES;
				ENABLE_TESTABILITY = YES;
				GCC_C_LANGUAGE_STANDARD = gnu99;
				GCC_DYNAMIC_NO_PIC = NO;
				GCC_NO_COMMON_BLOCKS = YES;
				GCC_OPTIMIZATION_LEVEL = 0;
				GCC_PREPROCESSOR_DEFINITIONS = (
					"DEBUG=1",
					"$(inherited)",
				);
				GCC_WARN_64_TO_32_BIT_CONVERSION = YES;
				GCC_WARN_ABOUT_RETURN_TYPE = YES_ERROR;
				GCC_WARN_UNDECLARED_SELECTOR = YES;
				GCC_WARN_UNINITIALIZED_AUTOS = YES_AGGRESSIVE;
				GCC_WARN_UNUSED_FUNCTION = YES;
				GCC_WARN_UNUSED_VARIABLE = YES;
				IPHONEOS_DEPLOYMENT_TARGET = 9.2;
				MTL_ENABLE_DEBUG_INFO = YES;
				ONLY_ACTIVE_ARCH = YES;
				SDKROOT = iphoneos;
				SWIFT_OPTIMIZATION_LEVEL = "-Onone";
			};
			name = Debug;
		};
		A850BABC1C44E1BE00D897BC /* Release */ = {
			isa = XCBuildConfiguration;
			buildSettings = {
				ALWAYS_SEARCH_USER_PATHS = NO;
				CLANG_CXX_LANGUAGE_STANDARD = "gnu++0x";
				CLANG_CXX_LIBRARY = "libc++";
				CLANG_ENABLE_MODULES = YES;
				CLANG_ENABLE_OBJC_ARC = YES;
				CLANG_WARN_BOOL_CONVERSION = YES;
				CLANG_WARN_CONSTANT_CONVERSION = YES;
				CLANG_WARN_DIRECT_OBJC_ISA_USAGE = YES_ERROR;
				CLANG_WARN_EMPTY_BODY = YES;
				CLANG_WARN_ENUM_CONVERSION = YES;
				CLANG_WARN_INT_CONVERSION = YES;
				CLANG_WARN_OBJC_ROOT_CLASS = YES_ERROR;
				CLANG_WARN_UNREACHABLE_CODE = YES;
				CLANG_WARN__DUPLICATE_METHOD_MATCH = YES;
				"CODE_SIGN_IDENTITY[sdk=iphoneos*]" = "iPhone Developer";
				COPY_PHASE_STRIP = NO;
				DEBUG_INFORMATION_FORMAT = "dwarf-with-dsym";
				ENABLE_NS_ASSERTIONS = NO;
				ENABLE_STRICT_OBJC_MSGSEND = YES;
				GCC_C_LANGUAGE_STANDARD = gnu99;
				GCC_NO_COMMON_BLOCKS = YES;
				GCC_WARN_64_TO_32_BIT_CONVERSION = YES;
				GCC_WARN_ABOUT_RETURN_TYPE = YES_ERROR;
				GCC_WARN_UNDECLARED_SELECTOR = YES;
				GCC_WARN_UNINITIALIZED_AUTOS = YES_AGGRESSIVE;
				GCC_WARN_UNUSED_FUNCTION = YES;
				GCC_WARN_UNUSED_VARIABLE = YES;
				IPHONEOS_DEPLOYMENT_TARGET = 9.2;
				MTL_ENABLE_DEBUG_INFO = NO;
				SDKROOT = iphoneos;
				VALIDATE_PRODUCT = YES;
			};
			name = Release;
		};
		A850BABE1C44E1BE00D897BC /* Debug */ = {
			isa = XCBuildConfiguration;
			buildSettings = {
				ASSETCATALOG_COMPILER_APPICON_NAME = AppIcon;
				INFOPLIST_FILE = ImageFilters/Info.plist;
				LD_RUNPATH_SEARCH_PATHS = "$(inherited) @executable_path/Frameworks";
				PRODUCT_BUNDLE_IDENTIFIER = com.bitjini.ImageFilters.ImageFilters;
				PRODUCT_NAME = "$(TARGET_NAME)";
			};
			name = Debug;
		};
		A850BABF1C44E1BE00D897BC /* Release */ = {
			isa = XCBuildConfiguration;
			buildSettings = {
				ASSETCATALOG_COMPILER_APPICON_NAME = AppIcon;
				INFOPLIST_FILE = ImageFilters/Info.plist;
				LD_RUNPATH_SEARCH_PATHS = "$(inherited) @executable_path/Frameworks";
				PRODUCT_BUNDLE_IDENTIFIER = com.bitjini.ImageFilters.ImageFilters;
				PRODUCT_NAME = "$(TARGET_NAME)";
			};
			name = Release;
		};
/* End XCBuildConfiguration section */

/* Begin XCConfigurationList section */
		A850BAA61C44E1BD00D897BC /* Build configuration list for PBXProject "ImageFilters" */ = {
			isa = XCConfigurationList;
			buildConfigurations = (
				A850BABB1C44E1BE00D897BC /* Debug */,
				A850BABC1C44E1BE00D897BC /* Release */,
			);
			defaultConfigurationIsVisible = 0;
			defaultConfigurationName = Release;
		};
		A850BABD1C44E1BE00D897BC /* Build configuration list for PBXNativeTarget "ImageFilters" */ = {
			isa = XCConfigurationList;
			buildConfigurations = (
				A850BABE1C44E1BE00D897BC /* Debug */,
				A850BABF1C44E1BE00D897BC /* Release */,
			);
			defaultConfigurationIsVisible = 0;
		};
/* End XCConfigurationList section */
	};
	rootObject = A850BAA31C44E1BD00D897BC /* Project object */;
}
